
Microsoft Visual Studio Solution File, Format Version 12.00
# Visual Studio Version 17
VisualStudioVersion = 17.0.31903.59
MinimumVisualStudioVersion = 10.0.40219.1
Project("{FAE04EC0-301F-11D3-BF4B-00C04F79EFBC}") = "EndpointPilotJsonEditor.App", "EndpointPilotJsonEditor.App\EndpointPilotJsonEditor.App.csproj", "{1ECB974A-1C3D-4FA6-BF28-E85F351A2314}"
EndProject
Project("{FAE04EC0-301F-11D3-BF4B-00C04F79EFBC}") = "EndpointPilotJsonEditor.Core", "EndpointPilotJsonEditor.Core\EndpointPilotJsonEditor.Core.csproj", "{0F29356B-6500-48AC-94A8-471ADA66A3F2}"
EndProject
Global
	GlobalSection(SolutionConfigurationPlatforms) = preSolution
		Debug|Any CPU = Debug|Any CPU
		Debug|x64 = Debug|x64
		Debug|x86 = Debug|x86
		Release|Any CPU = Release|Any CPU
		Release|x64 = Release|x64
		Release|x86 = Release|x86
	EndGlobalSection
	GlobalSection(ProjectConfigurationPlatforms) = postSolution
		{1ECB974A-1C3D-4FA6-BF28-E85F351A2314}.Debug|Any CPU.ActiveCfg = Debug|Any CPU
		{1ECB974A-1C3D-4FA6-BF28-E85F351A2314}.Debug|Any CPU.Build.0 = Debug|Any CPU
		{1ECB974A-1C3D-4FA6-BF28-E85F351A2314}.Debug|x64.ActiveCfg = Debug|Any CPU
		{1ECB974A-1C3D-4FA6-BF28-E85F351A2314}.Debug|x64.Build.0 = Debug|Any CPU
		{1ECB974A-1C3D-4FA6-BF28-E85F351A2314}.Debug|x86.ActiveCfg = Debug|Any CPU
		{1ECB974A-1C3D-4FA6-BF28-E85F351A2314}.Debug|x86.Build.0 = Debug|Any CPU
		{1ECB974A-1C3D-4FA6-BF28-E85F351A2314}.Release|Any CPU.ActiveCfg = Release|Any CPU
		{1ECB974A-1C3D-4FA6-BF28-E85F351A2314}.Release|Any CPU.Build.0 = Release|Any CPU
		{1ECB974A-1C3D-4FA6-BF28-E85F351A2314}.Release|x64.ActiveCfg = Release|Any CPU
		{1ECB974A-1C3D-4FA6-BF28-E85F351A2314}.Release|x64.Build.0 = Release|Any CPU
		{1ECB974A-1C3D-4FA6-BF28-E85F351A2314}.Release|x86.ActiveCfg = Release|Any CPU
		{1ECB974A-1C3D-4FA6-BF28-E85F351A2314}.Release|x86.Build.0 = Release|Any CPU
		{0F29356B-6500-48AC-94A8-471ADA66A3F2}.Debug|Any CPU.ActiveCfg = Debug|Any CPU
		{0F29356B-6500-48AC-94A8-471ADA66A3F2}.Debug|Any CPU.Build.0 = Debug|Any CPU
		{0F29356B-6500-48AC-94A8-471ADA66A3F2}.Debug|x64.ActiveCfg = Debug|Any CPU
		{0F29356B-6500-48AC-94A8-471ADA66A3F2}.Debug|x64.Build.0 = Debug|Any CPU
		{0F29356B-6500-48AC-94A8-471ADA66A3F2}.Debug|x86.ActiveCfg = Debug|Any CPU
		{0F29356B-6500-48AC-94A8-471ADA66A3F2}.Debug|x86.Build.0 = Debug|Any CPU
		{0F29356B-6500-48AC-94A8-471ADA66A3F2}.Release|Any CPU.ActiveCfg = Release|Any CPU
		{0F29356B-6500-48AC-94A8-471ADA66A3F2}.Release|Any CPU.Build.0 = Release|Any CPU
		{0F29356B-6500-48AC-94A8-471ADA66A3F2}.Release|x64.ActiveCfg = Release|Any CPU
		{0F29356B-6500-48AC-94A8-471ADA66A3F2}.Release|x64.Build.0 = Release|Any CPU
		{0F29356B-6500-48AC-94A8-471ADA66A3F2}.Release|x86.ActiveCfg = Release|Any CPU
		{0F29356B-6500-48AC-94A8-471ADA66A3F2}.Release|x86.Build.0 = Release|Any CPU
	EndGlobalSection
	GlobalSection(SolutionProperties) = preSolution
		HideSolutionNode = FALSE
	EndGlobalSection
EndGlobal
